{
  "version": 1,
  "dependencies": {
    "net5.0": {
      "LibGit2Sharp": {
        "type": "Direct",
        "requested": "[0.26.2, )",
        "resolved": "0.26.2",
        "contentHash": "qHLhuI8VEtMf7jiurT/Ypquh37S6ngllCx+aq9uqOY2evok7Fb2AzhJgvNctsXOzHaJwveBs+30sPQJFn/pISg==",
        "dependencies": {
          "LibGit2Sharp.NativeBinaries": "[2.0.306]"
        }
      },
      "McMaster.Extensions.CommandLineUtils": {
        "type": "Direct",
        "requested": "[3.0.0, )",
        "resolved": "3.0.0",
        "contentHash": "Km485A+AaBUWjOr2D2k6EAK9vKgLuIGS3ov+a8Px6svaNuRfr3qPYYItMYZEsG/xrjgRs/6KE+Zx3lHONUHCbQ==",
        "dependencies": {
          "System.ComponentModel.Annotations": "4.7.0"
        }
      },
      "LibGit2Sharp.NativeBinaries": {
        "type": "Transitive",
        "resolved": "2.0.306",
        "contentHash": "LY9nyPE2X/eLl69ttuDPFFlKR8b5KXlqYej1YR1YmqmhF8Izo+vPX90q5ouOO5YGCf5d4lDUOC0x2yMWw00P7Q=="
      },
      "SemanticVersioning": {
        "type": "Transitive",
        "resolved": "1.2.2",
        "contentHash": "SpzeSxG9Bl6tHswaEdwLtLLwtHGQEjhuxRjWPkp2MPJHy/Ku4BhCnpeZ2u32qk7E6TV4A6r19t214JXX1Gy0fQ=="
      },
      "System.ComponentModel.Annotations": {
        "type": "Transitive",
        "resolved": "4.7.0",
        "contentHash": "0YFqjhp/mYkDGpU0Ye1GjE53HMp9UVfGN7seGpAMttAC0C40v5gw598jCgpbBLMmCo0E5YRLBv5Z2doypO49ZQ=="
      },
      "questpackagemanager": {
        "type": "Project",
        "dependencies": {
          "SemanticVersioning": "1.2.2"
        }
      }
    }
  }
}